
Microsoft Visual Studio Solution File, Format Version 12.00
# Visual Studio Version 16
VisualStudioVersion = 16.0.30804.86
MinimumVisualStudioVersion = 10.0.40219.1
Project("{FAE04EC0-301F-11D3-BF4B-00C04F79EFBC}") = "Muhasebe.UI.Win", "Muhasebe.UI.Win\Muhasebe.UI.Win.csproj", "{88230FAB-E48A-4DEE-A2D9-7AEC69775482}"
EndProject
Project("{FAE04EC0-301F-11D3-BF4B-00C04F79EFBC}") = "Muhasebe.Bll", "Muhasebe.BLL\Muhasebe.Bll.csproj", "{F30559FD-6C98-49FB-9C1B-70C81D2BC996}"
EndProject
Project("{FAE04EC0-301F-11D3-BF4B-00C04F79EFBC}") = "Muhasebe.Common", "Muhasebe.COMMON\Muhasebe.Common.csproj", "{F5B51041-9DED-41D8-829F-B132E8260CD9}"
EndProject
Project("{FAE04EC0-301F-11D3-BF4B-00C04F79EFBC}") = "Muhasebe.Dal", "Muhasebe.DAL\Muhasebe.Dal.csproj", "{6B65F68D-FCC2-4C84-90AE-6E4A2D940E8B}"
EndProject
Project("{FAE04EC0-301F-11D3-BF4B-00C04F79EFBC}") = "Muhasebe.Data", "Muhasebe.DATA\Muhasebe.Data.csproj", "{45034978-39DB-4472-9462-ACF5021170E7}"
EndProject
Project("{FAE04EC0-301F-11D3-BF4B-00C04F79EFBC}") = "Muhasebe.Model", "Muhasebe.MODEL\Muhasebe.Model.csproj", "{D7222534-0128-4990-97E8-0542411CA49F}"
EndProject
Global
	GlobalSection(SolutionConfigurationPlatforms) = preSolution
		Debug|Any CPU = Debug|Any CPU
		Release|Any CPU = Release|Any CPU
	EndGlobalSection
	GlobalSection(ProjectConfigurationPlatforms) = postSolution
		{88230FAB-E48A-4DEE-A2D9-7AEC69775482}.Debug|Any CPU.ActiveCfg = Debug|Any CPU
		{88230FAB-E48A-4DEE-A2D9-7AEC69775482}.Debug|Any CPU.Build.0 = Debug|Any CPU
		{88230FAB-E48A-4DEE-A2D9-7AEC69775482}.Release|Any CPU.ActiveCfg = Release|Any CPU
		{88230FAB-E48A-4DEE-A2D9-7AEC69775482}.Release|Any CPU.Build.0 = Release|Any CPU
		{F30559FD-6C98-49FB-9C1B-70C81D2BC996}.Debug|Any CPU.ActiveCfg = Debug|Any CPU
		{F30559FD-6C98-49FB-9C1B-70C81D2BC996}.Debug|Any CPU.Build.0 = Debug|Any CPU
		{F30559FD-6C98-49FB-9C1B-70C81D2BC996}.Release|Any CPU.ActiveCfg = Release|Any CPU
		{F30559FD-6C98-49FB-9C1B-70C81D2BC996}.Release|Any CPU.Build.0 = Release|Any CPU
		{F5B51041-9DED-41D8-829F-B132E8260CD9}.Debug|Any CPU.ActiveCfg = Debug|Any CPU
		{F5B51041-9DED-41D8-829F-B132E8260CD9}.Debug|Any CPU.Build.0 = Debug|Any CPU
		{F5B51041-9DED-41D8-829F-B132E8260CD9}.Release|Any CPU.ActiveCfg = Release|Any CPU
		{F5B51041-9DED-41D8-829F-B132E8260CD9}.Release|Any CPU.Build.0 = Release|Any CPU
		{6B65F68D-FCC2-4C84-90AE-6E4A2D940E8B}.Debug|Any CPU.ActiveCfg = Debug|Any CPU
		{6B65F68D-FCC2-4C84-90AE-6E4A2D940E8B}.Debug|Any CPU.Build.0 = Debug|Any CPU
		{6B65F68D-FCC2-4C84-90AE-6E4A2D940E8B}.Release|Any CPU.ActiveCfg = Release|Any CPU
		{6B65F68D-FCC2-4C84-90AE-6E4A2D940E8B}.Release|Any CPU.Build.0 = Release|Any CPU
		{45034978-39DB-4472-9462-ACF5021170E7}.Debug|Any CPU.ActiveCfg = Debug|Any CPU
		{45034978-39DB-4472-9462-ACF5021170E7}.Debug|Any CPU.Build.0 = Debug|Any CPU
		{45034978-39DB-4472-9462-ACF5021170E7}.Release|Any CPU.ActiveCfg = Release|Any CPU
		{45034978-39DB-4472-9462-ACF5021170E7}.Release|Any CPU.Build.0 = Release|Any CPU
		{D7222534-0128-4990-97E8-0542411CA49F}.Debug|Any CPU.ActiveCfg = Debug|Any CPU
		{D7222534-0128-4990-97E8-0542411CA49F}.Debug|Any CPU.Build.0 = Debug|Any CPU
		{D7222534-0128-4990-97E8-0542411CA49F}.Release|Any CPU.ActiveCfg = Release|Any CPU
		{D7222534-0128-4990-97E8-0542411CA49F}.Release|Any CPU.Build.0 = Release|Any CPU
	EndGlobalSection
	GlobalSection(SolutionProperties) = preSolution
		HideSolutionNode = FALSE
	EndGlobalSection
	GlobalSection(ExtensibilityGlobals) = postSolution
		SolutionGuid = {B5E93825-12B6-44C8-9FF6-3B6EEACF0771}
	EndGlobalSection
EndGlobal
